
Microsoft Visual Studio Solution File, Format Version 12.00
# Visual Studio Version 16
VisualStudioVersion = 16.0.29123.88
MinimumVisualStudioVersion = 10.0.40219.1
Project("{FAE04EC0-301F-11D3-BF4B-00C04F79EFBC}") = "HW1-VariablesAndArithmetic", "HW1-VariablesAndArithmetic.csproj", "{4BFD6DCA-E36D-49CE-B66F-00A13DC2CA2C}"
EndProject
Global
	GlobalSection(SolutionConfigurationPlatforms) = preSolution
		Debug|Any CPU = Debug|Any CPU
		Release|Any CPU = Release|Any CPU
	EndGlobalSection
	GlobalSection(ProjectConfigurationPlatforms) = postSolution
		{4BFD6DCA-E36D-49CE-B66F-00A13DC2CA2C}.Debug|Any CPU.ActiveCfg = Debug|Any CPU
		{4BFD6DCA-E36D-49CE-B66F-00A13DC2CA2C}.Debug|Any CPU.Build.0 = Debug|Any CPU
		{4BFD6DCA-E36D-49CE-B66F-00A13DC2CA2C}.Release|Any CPU.ActiveCfg = Release|Any CPU
		{4BFD6DCA-E36D-49CE-B66F-00A13DC2CA2C}.Release|Any CPU.Build.0 = Release|Any CPU
	EndGlobalSection
	GlobalSection(SolutionProperties) = preSolution
		HideSolutionNode = FALSE
	EndGlobalSection
	GlobalSection(ExtensibilityGlobals) = postSolution
		SolutionGuid = {2C0EFBF7-D56D-4862-92C9-1A7D59D17787}
	EndGlobalSection
EndGlobal
