
Microsoft Visual Studio Solution File, Format Version 12.00
# Visual Studio Version 16
VisualStudioVersion = 16.0.29123.88
MinimumVisualStudioVersion = 10.0.40219.1
Project("{FAE04EC0-301F-11D3-BF4B-00C04F79EFBC}") = "ListsExample", "ListsExample.csproj", "{FC61EC53-3F74-4FB2-A775-464F66E308B6}"
EndProject
Global
	GlobalSection(SolutionConfigurationPlatforms) = preSolution
		Debug|Any CPU = Debug|Any CPU
		Release|Any CPU = Release|Any CPU
	EndGlobalSection
	GlobalSection(ProjectConfigurationPlatforms) = postSolution
		{FC61EC53-3F74-4FB2-A775-464F66E308B6}.Debug|Any CPU.ActiveCfg = Debug|Any CPU
		{FC61EC53-3F74-4FB2-A775-464F66E308B6}.Debug|Any CPU.Build.0 = Debug|Any CPU
		{FC61EC53-3F74-4FB2-A775-464F66E308B6}.Release|Any CPU.ActiveCfg = Release|Any CPU
		{FC61EC53-3F74-4FB2-A775-464F66E308B6}.Release|Any CPU.Build.0 = Release|Any CPU
	EndGlobalSection
	GlobalSection(SolutionProperties) = preSolution
		HideSolutionNode = FALSE
	EndGlobalSection
	GlobalSection(ExtensibilityGlobals) = postSolution
		SolutionGuid = {1AD6D0E5-AD99-499C-A13B-0DDD38322D0C}
	EndGlobalSection
EndGlobal
