
Microsoft Visual Studio Solution File, Format Version 12.00
# Visual Studio Version 16
VisualStudioVersion = 16.0.29123.88
MinimumVisualStudioVersion = 10.0.40219.1
Project("{FAE04EC0-301F-11D3-BF4B-00C04F79EFBC}") = "FileStreaming", "FileStreaming.csproj", "{C9CE6A38-0206-4DE1-A3D0-FE08262153D9}"
EndProject
Global
	GlobalSection(SolutionConfigurationPlatforms) = preSolution
		Debug|Any CPU = Debug|Any CPU
		Release|Any CPU = Release|Any CPU
	EndGlobalSection
	GlobalSection(ProjectConfigurationPlatforms) = postSolution
		{C9CE6A38-0206-4DE1-A3D0-FE08262153D9}.Debug|Any CPU.ActiveCfg = Debug|Any CPU
		{C9CE6A38-0206-4DE1-A3D0-FE08262153D9}.Debug|Any CPU.Build.0 = Debug|Any CPU
		{C9CE6A38-0206-4DE1-A3D0-FE08262153D9}.Release|Any CPU.ActiveCfg = Release|Any CPU
		{C9CE6A38-0206-4DE1-A3D0-FE08262153D9}.Release|Any CPU.Build.0 = Release|Any CPU
	EndGlobalSection
	GlobalSection(SolutionProperties) = preSolution
		HideSolutionNode = FALSE
	EndGlobalSection
	GlobalSection(ExtensibilityGlobals) = postSolution
		SolutionGuid = {6FCFC19B-1498-4DD6-A6B0-914ECD03F50E}
	EndGlobalSection
EndGlobal
