
Microsoft Visual Studio Solution File, Format Version 12.00
# Visual Studio Version 16
VisualStudioVersion = 16.0.29123.88
MinimumVisualStudioVersion = 10.0.40219.1
Project("{FAE04EC0-301F-11D3-BF4B-00C04F79EFBC}") = "Lab3A-BMI_Calc_Input_Valid", "Lab3A-BMI_Calc_Input_Valid.csproj", "{D686B709-AEA0-4C77-8B95-5F5E1BFA7E99}"
EndProject
Global
	GlobalSection(SolutionConfigurationPlatforms) = preSolution
		Debug|Any CPU = Debug|Any CPU
		Release|Any CPU = Release|Any CPU
	EndGlobalSection
	GlobalSection(ProjectConfigurationPlatforms) = postSolution
		{D686B709-AEA0-4C77-8B95-5F5E1BFA7E99}.Debug|Any CPU.ActiveCfg = Debug|Any CPU
		{D686B709-AEA0-4C77-8B95-5F5E1BFA7E99}.Debug|Any CPU.Build.0 = Debug|Any CPU
		{D686B709-AEA0-4C77-8B95-5F5E1BFA7E99}.Release|Any CPU.ActiveCfg = Release|Any CPU
		{D686B709-AEA0-4C77-8B95-5F5E1BFA7E99}.Release|Any CPU.Build.0 = Release|Any CPU
	EndGlobalSection
	GlobalSection(SolutionProperties) = preSolution
		HideSolutionNode = FALSE
	EndGlobalSection
	GlobalSection(ExtensibilityGlobals) = postSolution
		SolutionGuid = {80E454C3-1B0D-45FA-B32E-0DFE64535C16}
	EndGlobalSection
EndGlobal
