
Microsoft Visual Studio Solution File, Format Version 12.00
# Visual Studio Version 16
VisualStudioVersion = 16.0.29123.88
MinimumVisualStudioVersion = 10.0.40219.1
Project("{FAE04EC0-301F-11D3-BF4B-00C04F79EFBC}") = "MVC_Lab5_DisplayAlbumImages", "MVC_Lab5_DisplayAlbumImages.csproj", "{3A2166F4-DD4D-453A-806F-DABD733821DD}"
EndProject
Global
	GlobalSection(SolutionConfigurationPlatforms) = preSolution
		Debug|Any CPU = Debug|Any CPU
		Release|Any CPU = Release|Any CPU
	EndGlobalSection
	GlobalSection(ProjectConfigurationPlatforms) = postSolution
		{3A2166F4-DD4D-453A-806F-DABD733821DD}.Debug|Any CPU.ActiveCfg = Debug|Any CPU
		{3A2166F4-DD4D-453A-806F-DABD733821DD}.Debug|Any CPU.Build.0 = Debug|Any CPU
		{3A2166F4-DD4D-453A-806F-DABD733821DD}.Release|Any CPU.ActiveCfg = Release|Any CPU
		{3A2166F4-DD4D-453A-806F-DABD733821DD}.Release|Any CPU.Build.0 = Release|Any CPU
	EndGlobalSection
	GlobalSection(SolutionProperties) = preSolution
		HideSolutionNode = FALSE
	EndGlobalSection
	GlobalSection(ExtensibilityGlobals) = postSolution
		SolutionGuid = {EEAFF0CB-5628-4B26-B201-B95F82E17995}
	EndGlobalSection
EndGlobal
