
Microsoft Visual Studio Solution File, Format Version 12.00
# Visual Studio Version 16
VisualStudioVersion = 16.0.29123.88
MinimumVisualStudioVersion = 10.0.40219.1
Project("{FAE04EC0-301F-11D3-BF4B-00C04F79EFBC}") = "StackObject", "StackObject.csproj", "{FC2C10AE-D936-4320-A7B3-EA86CC41438D}"
EndProject
Global
	GlobalSection(SolutionConfigurationPlatforms) = preSolution
		Debug|Any CPU = Debug|Any CPU
		Release|Any CPU = Release|Any CPU
	EndGlobalSection
	GlobalSection(ProjectConfigurationPlatforms) = postSolution
		{FC2C10AE-D936-4320-A7B3-EA86CC41438D}.Debug|Any CPU.ActiveCfg = Debug|Any CPU
		{FC2C10AE-D936-4320-A7B3-EA86CC41438D}.Debug|Any CPU.Build.0 = Debug|Any CPU
		{FC2C10AE-D936-4320-A7B3-EA86CC41438D}.Release|Any CPU.ActiveCfg = Release|Any CPU
		{FC2C10AE-D936-4320-A7B3-EA86CC41438D}.Release|Any CPU.Build.0 = Release|Any CPU
	EndGlobalSection
	GlobalSection(SolutionProperties) = preSolution
		HideSolutionNode = FALSE
	EndGlobalSection
	GlobalSection(ExtensibilityGlobals) = postSolution
		SolutionGuid = {B445CC72-8931-4DB2-8DE0-B62C97D0C8AE}
	EndGlobalSection
EndGlobal
