
Microsoft Visual Studio Solution File, Format Version 12.00
# Visual Studio Version 16
VisualStudioVersion = 16.0.29123.88
MinimumVisualStudioVersion = 10.0.40219.1
Project("{FAE04EC0-301F-11D3-BF4B-00C04F79EFBC}") = "Lab6-LeapYear", "Lab6-LeapYear.csproj", "{CEEB121D-7F9C-42DE-9D66-0ECF21B55011}"
EndProject
Global
	GlobalSection(SolutionConfigurationPlatforms) = preSolution
		Debug|Any CPU = Debug|Any CPU
		Release|Any CPU = Release|Any CPU
	EndGlobalSection
	GlobalSection(ProjectConfigurationPlatforms) = postSolution
		{CEEB121D-7F9C-42DE-9D66-0ECF21B55011}.Debug|Any CPU.ActiveCfg = Debug|Any CPU
		{CEEB121D-7F9C-42DE-9D66-0ECF21B55011}.Debug|Any CPU.Build.0 = Debug|Any CPU
		{CEEB121D-7F9C-42DE-9D66-0ECF21B55011}.Release|Any CPU.ActiveCfg = Release|Any CPU
		{CEEB121D-7F9C-42DE-9D66-0ECF21B55011}.Release|Any CPU.Build.0 = Release|Any CPU
	EndGlobalSection
	GlobalSection(SolutionProperties) = preSolution
		HideSolutionNode = FALSE
	EndGlobalSection
	GlobalSection(ExtensibilityGlobals) = postSolution
		SolutionGuid = {871D3367-6134-4A2E-BB0B-600AE9B5F920}
	EndGlobalSection
EndGlobal
