
Microsoft Visual Studio Solution File, Format Version 12.00
# Visual Studio Version 16
VisualStudioVersion = 16.0.29123.88
MinimumVisualStudioVersion = 10.0.40219.1
Project("{FAE04EC0-301F-11D3-BF4B-00C04F79EFBC}") = "DailyCodeHW-ATM1", "DailyCodeHW-ATM1.csproj", "{8A629D4B-129A-4E15-A1B2-315A06B5709D}"
EndProject
Project("{2150E333-8FDC-42A3-9474-1A3956D46DE8}") = "Solution Items", "Solution Items", "{0048D38D-3F57-49E8-8E81-24828E85BBAE}"
	ProjectSection(SolutionItems) = preProject
		TextFile1.txt = TextFile1.txt
	EndProjectSection
EndProject
Global
	GlobalSection(SolutionConfigurationPlatforms) = preSolution
		Debug|Any CPU = Debug|Any CPU
		Release|Any CPU = Release|Any CPU
	EndGlobalSection
	GlobalSection(ProjectConfigurationPlatforms) = postSolution
		{8A629D4B-129A-4E15-A1B2-315A06B5709D}.Debug|Any CPU.ActiveCfg = Debug|Any CPU
		{8A629D4B-129A-4E15-A1B2-315A06B5709D}.Debug|Any CPU.Build.0 = Debug|Any CPU
		{8A629D4B-129A-4E15-A1B2-315A06B5709D}.Release|Any CPU.ActiveCfg = Release|Any CPU
		{8A629D4B-129A-4E15-A1B2-315A06B5709D}.Release|Any CPU.Build.0 = Release|Any CPU
	EndGlobalSection
	GlobalSection(SolutionProperties) = preSolution
		HideSolutionNode = FALSE
	EndGlobalSection
	GlobalSection(ExtensibilityGlobals) = postSolution
		SolutionGuid = {371E014A-3859-4566-BE8E-3666A84D0B5F}
	EndGlobalSection
EndGlobal
