
Microsoft Visual Studio Solution File, Format Version 12.00
# Visual Studio Version 16
VisualStudioVersion = 16.0.29123.88
MinimumVisualStudioVersion = 10.0.40219.1
Project("{FAE04EC0-301F-11D3-BF4B-00C04F79EFBC}") = "Lab3-BMI_Calc", "Lab3-BMI_Calc.csproj", "{4CB3DF29-60B8-4D7F-A58C-36C7F1C6A635}"
EndProject
Global
	GlobalSection(SolutionConfigurationPlatforms) = preSolution
		Debug|Any CPU = Debug|Any CPU
		Release|Any CPU = Release|Any CPU
	EndGlobalSection
	GlobalSection(ProjectConfigurationPlatforms) = postSolution
		{4CB3DF29-60B8-4D7F-A58C-36C7F1C6A635}.Debug|Any CPU.ActiveCfg = Debug|Any CPU
		{4CB3DF29-60B8-4D7F-A58C-36C7F1C6A635}.Debug|Any CPU.Build.0 = Debug|Any CPU
		{4CB3DF29-60B8-4D7F-A58C-36C7F1C6A635}.Release|Any CPU.ActiveCfg = Release|Any CPU
		{4CB3DF29-60B8-4D7F-A58C-36C7F1C6A635}.Release|Any CPU.Build.0 = Release|Any CPU
	EndGlobalSection
	GlobalSection(SolutionProperties) = preSolution
		HideSolutionNode = FALSE
	EndGlobalSection
	GlobalSection(ExtensibilityGlobals) = postSolution
		SolutionGuid = {C6A18DFB-01A2-46B4-A213-215A7142557F}
	EndGlobalSection
EndGlobal
