
Microsoft Visual Studio Solution File, Format Version 12.00
# Visual Studio Version 16
VisualStudioVersion = 16.0.29123.88
MinimumVisualStudioVersion = 10.0.40219.1
Project("{FAE04EC0-301F-11D3-BF4B-00C04F79EFBC}") = "Final_StudentRegistration", "Final_StudentRegistration.csproj", "{D480CB90-3154-4BFE-ADD9-34005BCF1750}"
EndProject
Global
	GlobalSection(SolutionConfigurationPlatforms) = preSolution
		Debug|Any CPU = Debug|Any CPU
		Release|Any CPU = Release|Any CPU
	EndGlobalSection
	GlobalSection(ProjectConfigurationPlatforms) = postSolution
		{D480CB90-3154-4BFE-ADD9-34005BCF1750}.Debug|Any CPU.ActiveCfg = Debug|Any CPU
		{D480CB90-3154-4BFE-ADD9-34005BCF1750}.Debug|Any CPU.Build.0 = Debug|Any CPU
		{D480CB90-3154-4BFE-ADD9-34005BCF1750}.Release|Any CPU.ActiveCfg = Release|Any CPU
		{D480CB90-3154-4BFE-ADD9-34005BCF1750}.Release|Any CPU.Build.0 = Release|Any CPU
	EndGlobalSection
	GlobalSection(SolutionProperties) = preSolution
		HideSolutionNode = FALSE
	EndGlobalSection
	GlobalSection(ExtensibilityGlobals) = postSolution
		SolutionGuid = {5F73F2B4-9B4E-4595-AC47-38DDAC79B907}
	EndGlobalSection
EndGlobal
