
Microsoft Visual Studio Solution File, Format Version 12.00
# Visual Studio Version 16
VisualStudioVersion = 16.0.29123.88
MinimumVisualStudioVersion = 10.0.40219.1
Project("{FAE04EC0-301F-11D3-BF4B-00C04F79EFBC}") = "MVC_Lab9_CustomerReccomendPage", "MVC_Lab9_CustomerReccomendPage.csproj", "{02269154-5F08-485E-BD98-730665D8492C}"
EndProject
Global
	GlobalSection(SolutionConfigurationPlatforms) = preSolution
		Debug|Any CPU = Debug|Any CPU
		Release|Any CPU = Release|Any CPU
	EndGlobalSection
	GlobalSection(ProjectConfigurationPlatforms) = postSolution
		{02269154-5F08-485E-BD98-730665D8492C}.Debug|Any CPU.ActiveCfg = Debug|Any CPU
		{02269154-5F08-485E-BD98-730665D8492C}.Debug|Any CPU.Build.0 = Debug|Any CPU
		{02269154-5F08-485E-BD98-730665D8492C}.Release|Any CPU.ActiveCfg = Release|Any CPU
		{02269154-5F08-485E-BD98-730665D8492C}.Release|Any CPU.Build.0 = Release|Any CPU
	EndGlobalSection
	GlobalSection(SolutionProperties) = preSolution
		HideSolutionNode = FALSE
	EndGlobalSection
	GlobalSection(ExtensibilityGlobals) = postSolution
		SolutionGuid = {D634F1F9-3F3E-4DB9-B93F-9AFB5ECB5669}
	EndGlobalSection
EndGlobal
