
Microsoft Visual Studio Solution File, Format Version 12.00
# Visual Studio Version 16
VisualStudioVersion = 16.0.29123.88
MinimumVisualStudioVersion = 10.0.40219.1
Project("{FAE04EC0-301F-11D3-BF4B-00C04F79EFBC}") = "ExercisesWithStrings", "ExercisesWithStrings.csproj", "{697C2BCA-6490-432C-9069-B1FDD0068343}"
EndProject
Global
	GlobalSection(SolutionConfigurationPlatforms) = preSolution
		Debug|Any CPU = Debug|Any CPU
		Release|Any CPU = Release|Any CPU
	EndGlobalSection
	GlobalSection(ProjectConfigurationPlatforms) = postSolution
		{697C2BCA-6490-432C-9069-B1FDD0068343}.Debug|Any CPU.ActiveCfg = Debug|Any CPU
		{697C2BCA-6490-432C-9069-B1FDD0068343}.Debug|Any CPU.Build.0 = Debug|Any CPU
		{697C2BCA-6490-432C-9069-B1FDD0068343}.Release|Any CPU.ActiveCfg = Release|Any CPU
		{697C2BCA-6490-432C-9069-B1FDD0068343}.Release|Any CPU.Build.0 = Release|Any CPU
	EndGlobalSection
	GlobalSection(SolutionProperties) = preSolution
		HideSolutionNode = FALSE
	EndGlobalSection
	GlobalSection(ExtensibilityGlobals) = postSolution
		SolutionGuid = {8C8E7776-C2EF-40DB-B517-300F9D902A61}
	EndGlobalSection
EndGlobal
